// !$*UTF8*$!
{
	archiveVersion = 1;
	classes = {
	};
	objectVersion = 50;
	objects = {

/* Begin PBXBuildFile section */
		02E34BF421D7F17800C961D4 /* AppDelegate.swift in Sources */ = {isa = PBXBuildFile; fileRef = 02E34BF321D7F17800C961D4 /* AppDelegate.swift */; };
		02E34BF621D7F17800C961D4 /* ViewController.swift in Sources */ = {isa = PBXBuildFile; fileRef = 02E34BF521D7F17800C961D4 /* ViewController.swift */; };
		02E34BF921D7F17800C961D4 /* Main.storyboard in Resources */ = {isa = PBXBuildFile; fileRef = 02E34BF721D7F17800C961D4 /* Main.storyboard */; };
		02E34BFB21D7F17B00C961D4 /* Assets.xcassets in Resources */ = {isa = PBXBuildFile; fileRef = 02E34BFA21D7F17B00C961D4 /* Assets.xcassets */; };
		02E34BFE21D7F17B00C961D4 /* LaunchScreen.storyboard in Resources */ = {isa = PBXBuildFile; fileRef = 02E34BFC21D7F17B00C961D4 /* LaunchScreen.storyboard */; };
		02E34C0921D7F17B00C961D4 /* tippyTests.swift in Sources */ = {isa = PBXBuildFile; fileRef = 02E34C0821D7F17B00C961D4 /* tippyTests.swift */; };
		02E34C1421D7F17B00C961D4 /* tippyUITests.swift in Sources */ = {isa = PBXBuildFile; fileRef = 02E34C1321D7F17B00C961D4 /* tippyUITests.swift */; };
/* End PBXBuildFile section */

/* Begin PBXContainerItemProxy section */
		02E34C0521D7F17B00C961D4 /* PBXContainerItemProxy */ = {
			isa = PBXContainerItemProxy;
			containerPortal = 02E34BE821D7F17700C961D4 /* Project object */;
			proxyType = 1;
			remoteGlobalIDString = 02E34BEF21D7F17700C961D4;
			remoteInfo = tippy;
		};
		02E34C1021D7F17B00C961D4 /* PBXContainerItemProxy */ = {
			isa = PBXContainerItemProxy;
			containerPortal = 02E34BE821D7F17700C961D4 /* Project object */;
			proxyType = 1;
			remoteGlobalIDString = 02E34BEF21D7F17700C961D4;
			remoteInfo = tippy;
		};
/* End PBXContainerItemProxy section */

/* Begin PBXFileReference section */
		02E34BF021D7F17700C961D4 /* tippy.app */ = {isa = PBXFileReference; explicitFileType = wrapper.application; includeInIndex = 0; path = tippy.app; sourceTree = BUILT_PRODUCTS_DIR; };
		02E34BF321D7F17800C961D4 /* AppDelegate.swift */ = {isa = PBXFileReference; lastKnownFileType = sourcecode.swift; path = AppDelegate.swift; sourceTree = "<group>"; };
		02E34BF521D7F17800C961D4 /* ViewController.swift */ = {isa = PBXFileReference; lastKnownFileType = sourcecode.swift; path = ViewController.swift; sourceTree = "<group>"; };
		02E34BF821D7F17800C961D4 /* Base */ = {isa = PBXFileReference; lastKnownFileType = file.storyboard; name = Base; path = Base.lproj/Main.storyboard; sourceTree = "<group>"; };
		02E34BFA21D7F17B00C961D4 /* Assets.xcassets */ = {isa = PBXFileReference; lastKnownFileType = folder.assetcatalog; path = Assets.xcassets; sourceTree = "<group>"; };
		02E34BFD21D7F17B00C961D4 /* Base */ = {isa = PBXFileReference; lastKnownFileType = file.storyboard; name = Base; path = Base.lproj/LaunchScreen.storyboard; sourceTree = "<group>"; };
		02E34BFF21D7F17B00C961D4 /* Info.plist */ = {isa = PBXFileReference; lastKnownFileType = text.plist.xml; path = Info.plist; sourceTree = "<group>"; };
		02E34C0421D7F17B00C961D4 /* tippyTests.xctest */ = {isa = PBXFileReference; explicitFileType = wrapper.cfbundle; includeInIndex = 0; path = tippyTests.xctest; sourceTree = BUILT_PRODUCTS_DIR; };
		02E34C0821D7F17B00C961D4 /* tippyTests.swift */ = {isa = PBXFileReference; lastKnownFileType = sourcecode.swift; path = tippyTests.swift; sourceTree = "<group>"; };
		02E34C0A21D7F17B00C961D4 /* Info.plist */ = {isa = PBXFileReference; lastKnownFileType = text.plist.xml; path = Info.plist; sourceTree = "<group>"; };
		02E34C0F21D7F17B00C961D4 /* tippyUITests.xctest */ = {isa = PBXFileReference; explicitFileType = wrapper.cfbundle; includeInIndex = 0; path = tippyUITests.xctest; sourceTree = BUILT_PRODUCTS_DIR; };
		02E34C1321D7F17B00C961D4 /* tippyUITests.swift */ = {isa = PBXFileReference; lastKnownFileType = sourcecode.swift; path = tippyUITests.swift; sourceTree = "<group>"; };
		02E34C1521D7F17B00C961D4 /* Info.plist */ = {isa = PBXFileReference; lastKnownFileType = text.plist.xml; path = Info.plist; sourceTree = "<group>"; };
/* End PBXFileReference section */

/* Begin PBXFrameworksBuildPhase section */
		02E34BED21D7F17700C961D4 /* Frameworks */ = {
			isa = PBXFrameworksBuildPhase;
			buildActionMask = 2147483647;
			files = (
			);
			runOnlyForDeploymentPostprocessing = 0;
		};
		02E34C0121D7F17B00C961D4 /* Frameworks */ = {
			isa = PBXFrameworksBuildPhase;
			buildActionMask = 2147483647;
			files = (
			);
			runOnlyForDeploymentPostprocessing = 0;
		};
		02E34C0C21D7F17B00C961D4 /* Frameworks */ = {
			isa = PBXFrameworksBuildPhase;
			buildActionMask = 2147483647;
			files = (
			);
			runOnlyForDeploymentPostprocessing = 0;
		};
/* End PBXFrameworksBuildPhase section */

/* Begin PBXGroup section */
		02E34BE721D7F17700C961D4 = {
			isa = PBXGroup;
			children = (
				02E34BF221D7F17700C961D4 /* tippy */,
				02E34C0721D7F17B00C961D4 /* tippyTests */,
				02E34C1221D7F17B00C961D4 /* tippyUITests */,
				02E34BF121D7F17700C961D4 /* Products */,
			);
			sourceTree = "<group>";
		};
		02E34BF121D7F17700C961D4 /* Products */ = {
			isa = PBXGroup;
			children = (
				02E34BF021D7F17700C961D4 /* tippy.app */,
				02E34C0421D7F17B00C961D4 /* tippyTests.xctest */,
				02E34C0F21D7F17B00C961D4 /* tippyUITests.xctest */,
			);
			name = Products;
			sourceTree = "<group>";
		};
		02E34BF221D7F17700C961D4 /* tippy */ = {
			isa = PBXGroup;
			children = (
				02E34BF321D7F17800C961D4 /* AppDelegate.swift */,
				02E34BF521D7F17800C961D4 /* ViewController.swift */,
				02E34BF721D7F17800C961D4 /* Main.storyboard */,
				02E34BFA21D7F17B00C961D4 /* Assets.xcassets */,
				02E34BFC21D7F17B00C961D4 /* LaunchScreen.storyboard */,
				02E34BFF21D7F17B00C961D4 /* Info.plist */,
			);
			path = tippy;
			sourceTree = "<group>";
		};
		02E34C0721D7F17B00C961D4 /* tippyTests */ = {
			isa = PBXGroup;
			children = (
				02E34C0821D7F17B00C961D4 /* tippyTests.swift */,
				02E34C0A21D7F17B00C961D4 /* Info.plist */,
			);
			path = tippyTests;
			sourceTree = "<group>";
		};
		02E34C1221D7F17B00C961D4 /* tippyUITests */ = {
			isa = PBXGroup;
			children = (
				02E34C1321D7F17B00C961D4 /* tippyUITests.swift */,
				02E34C1521D7F17B00C961D4 /* Info.plist */,
			);
			path = tippyUITests;
			sourceTree = "<group>";
		};
/* End PBXGroup section */

/* Begin PBXNativeTarget section */
		02E34BEF21D7F17700C961D4 /* tippy */ = {
			isa = PBXNativeTarget;
			buildConfigurationList = 02E34C1821D7F17B00C961D4 /* Build configuration list for PBXNativeTarget "tippy" */;
			buildPhases = (
				02E34BEC21D7F17700C961D4 /* Sources */,
				02E34BED21D7F17700C961D4 /* Frameworks */,
				02E34BEE21D7F17700C961D4 /* Resources */,
			);
			buildRules = (
			);
			dependencies = (
			);
			name = tippy;
			productName = tippy;
			productReference = 02E34BF021D7F17700C961D4 /* tippy.app */;
			productType = "com.apple.product-type.application";
		};
		02E34C0321D7F17B00C961D4 /* tippyTests */ = {
			isa = PBXNativeTarget;
			buildConfigurationList = 02E34C1B21D7F17B00C961D4 /* Build configuration list for PBXNativeTarget "tippyTests" */;
			buildPhases = (
				02E34C0021D7F17B00C961D4 /* Sources */,
				02E34C0121D7F17B00C961D4 /* Frameworks */,
				02E34C0221D7F17B00C961D4 /* Resources */,
			);
			buildRules = (
			);
			dependencies = (
				02E34C0621D7F17B00C961D4 /* PBXTargetDependency */,
			);
			name = tippyTests;
			productName = tippyTests;
			productReference = 02E34C0421D7F17B00C961D4 /* tippyTests.xctest */;
			productType = "com.apple.product-type.bundle.unit-test";
		};
		02E34C0E21D7F17B00C961D4 /* tippyUITests */ = {
			isa = PBXNativeTarget;
			buildConfigurationList = 02E34C1E21D7F17B00C961D4 /* Build configuration list for PBXNativeTarget "tippyUITests" */;
			buildPhases = (
				02E34C0B21D7F17B00C961D4 /* Sources */,
				02E34C0C21D7F17B00C961D4 /* Frameworks */,
				02E34C0D21D7F17B00C961D4 /* Resources */,
			);
			buildRules = (
			);
			dependencies = (
				02E34C1121D7F17B00C961D4 /* PBXTargetDependency */,
			);
			name = tippyUITests;
			productName = tippyUITests;
			productReference = 02E34C0F21D7F17B00C961D4 /* tippyUITests.xctest */;
			productType = "com.apple.product-type.bundle.ui-testing";
		};
/* End PBXNativeTarget section */

/* Begin PBXProject section */
		02E34BE821D7F17700C961D4 /* Project object */ = {
			isa = PBXProject;
			attributes = {
				KnownAssetTags = (
					label,
					uilabel,
				);
				LastSwiftUpdateCheck = 1010;
				LastUpgradeCheck = 1010;
				ORGANIZATIONNAME = "Amadou Diallo";
				TargetAttributes = {
					02E34BEF21D7F17700C961D4 = {
						CreatedOnToolsVersion = 10.1;
					};
					02E34C0321D7F17B00C961D4 = {
						CreatedOnToolsVersion = 10.1;
						TestTargetID = 02E34BEF21D7F17700C961D4;
					};
					02E34C0E21D7F17B00C961D4 = {
						CreatedOnToolsVersion = 10.1;
						TestTargetID = 02E34BEF21D7F17700C961D4;
					};
				};
			};
			buildConfigurationList = 02E34BEB21D7F17700C961D4 /* Build configuration list for PBXProject "tippy" */;
			compatibilityVersion = "Xcode 9.3";
			developmentRegion = en;
			hasScannedForEncodings = 0;
			knownRegions = (
				en,
				Base,
			);
			mainGroup = 02E34BE721D7F17700C961D4;
			productRefGroup = 02E34BF121D7F17700C961D4 /* Products */;
			projectDirPath = "";
			projectRoot = "";
			targets = (
				02E34BEF21D7F17700C961D4 /* tippy */,
				02E34C0321D7F17B00C961D4 /* tippyTests */,
				02E34C0E21D7F17B00C961D4 /* tippyUITests */,
			);
		};
/* End PBXProject section */

/* Begin PBXResourcesBuildPhase section */
		02E34BEE21D7F17700C961D4 /* Resources */ = {
			isa = PBXResourcesBuildPhase;
			buildActionMask = 2147483647;
			files = (
				02E34BFE21D7F17B00C961D4 /* LaunchScreen.storyboard in Resources */,
				02E34BFB21D7F17B00C961D4 /* Assets.xcassets in Resources */,
				02E34BF921D7F17800C961D4 /* Main.storyboard in Resources */,
			);
			runOnlyForDeploymentPostprocessing = 0;
		};
		02E34C0221D7F17B00C961D4 /* Resources */ = {
			isa = PBXResourcesBuildPhase;
			buildActionMask = 2147483647;
			files = (
			);
			runOnlyForDeploymentPostprocessing = 0;
		};
		02E34C0D21D7F17B00C961D4 /* Resources */ = {
			isa = PBXResourcesBuildPhase;
			buildActionMask = 2147483647;
			files = (
			);
			runOnlyForDeploymentPostprocessing = 0;
		};
/* End PBXResourcesBuildPhase section */

/* Begin PBXSourcesBuildPhase section */
		02E34BEC21D7F17700C961D4 /* Sources */ = {
			isa = PBXSourcesBuildPhase;
			buildActionMask = 2147483647;
			files = (
				02E34BF621D7F17800C961D4 /* ViewController.swift in Sources */,
				02E34BF421D7F17800C961D4 /* AppDelegate.swift in Sources */,
			);
			runOnlyForDeploymentPostprocessing = 0;
		};
		02E34C0021D7F17B00C961D4 /* Sources */ = {
			isa = PBXSourcesBuildPhase;
			buildActionMask = 2147483647;
			files = (
				02E34C0921D7F17B00C961D4 /* tippyTests.swift in Sources */,
			);
			runOnlyForDeploymentPostprocessing = 0;
		};
		02E34C0B21D7F17B00C961D4 /* Sources */ = {
			isa = PBXSourcesBuildPhase;
			buildActionMask = 2147483647;
			files = (
				02E34C1421D7F17B00C961D4 /* tippyUITests.swift in Sources */,
			);
			runOnlyForDeploymentPostprocessing = 0;
		};
/* End PBXSourcesBuildPhase section */

/* Begin PBXTargetDependency section */
		02E34C0621D7F17B00C961D4 /* PBXTargetDependency */ = {
			isa = PBXTargetDependency;
			target = 02E34BEF21D7F17700C961D4 /* tippy */;
			targetProxy = 02E34C0521D7F17B00C961D4 /* PBXContainerItemProxy */;
		};
		02E34C1121D7F17B00C961D4 /* PBXTargetDependency */ = {
			isa = PBXTargetDependency;
			target = 02E34BEF21D7F17700C961D4 /* tippy */;
			targetProxy = 02E34C1021D7F17B00C961D4 /* PBXContainerItemProxy */;
		};
/* End PBXTargetDependency section */

/* Begin PBXVariantGroup section */
		02E34BF721D7F17800C961D4 /* Main.storyboard */ = {
			isa = PBXVariantGroup;
			children = (
				02E34BF821D7F17800C961D4 /* Base */,
			);
			name = Main.storyboard;
			sourceTree = "<group>";
		};
		02E34BFC21D7F17B00C961D4 /* LaunchScreen.storyboard */ = {
			isa = PBXVariantGroup;
			children = (
				02E34BFD21D7F17B00C961D4 /* Base */,
			);
			name = LaunchScreen.storyboard;
			sourceTree = "<group>";
		};
/* End PBXVariantGroup section */

/* Begin XCBuildConfiguration section */
		02E34C1621D7F17B00C961D4 /* Debug */ = {
			isa = XCBuildConfiguration;
			buildSettings = {
				ALWAYS_SEARCH_USER_PATHS = NO;
				CLANG_ANALYZER_NONNULL = YES;
				CLANG_ANALYZER_NUMBER_OBJECT_CONVERSION = YES_AGGRESSIVE;
				CLANG_CXX_LANGUAGE_STANDARD = "gnu++14";
				CLANG_CXX_LIBRARY = "libc++";
				CLANG_ENABLE_MODULES = YES;
				CLANG_ENABLE_OBJC_ARC = YES;
				CLANG_ENABLE_OBJC_WEAK = YES;
				CLANG_WARN_BLOCK_CAPTURE_AUTORELEASING = YES;
				CLANG_WARN_BOOL_CONVERSION = YES;
				CLANG_WARN_COMMA = YES;
				CLANG_WARN_CONSTANT_CONVERSION = YES;
				CLANG_WARN_DEPRECATED_OBJC_IMPLEMENTATIONS = YES;
				CLANG_WARN_DIRECT_OBJC_ISA_USAGE = YES_ERROR;
				CLANG_WARN_DOCUMENTATION_COMMENTS = YES;
				CLANG_WARN_EMPTY_BODY = YES;
				CLANG_WARN_ENUM_CONVERSION = YES;
				CLANG_WARN_INFINITE_RECURSION = YES;
				CLANG_WARN_INT_CONVERSION = YES;
				CLANG_WARN_NON_LITERAL_NULL_CONVERSION = YES;
				CLANG_WARN_OBJC_IMPLICIT_RETAIN_SELF = YES;
				CLANG_WARN_OBJC_LITERAL_CONVERSION = YES;
				CLANG_WARN_OBJC_ROOT_CLASS = YES_ERROR;
				CLANG_WARN_RANGE_LOOP_ANALYSIS = YES;
				CLANG_WARN_STRICT_PROTOTYPES = YES;
				CLANG_WARN_SUSPICIOUS_MOVE = YES;
				CLANG_WARN_UNGUARDED_AVAILABILITY = YES_AGGRESSIVE;
				CLANG_WARN_UNREACHABLE_CODE = YES;
				CLANG_WARN__DUPLICATE_METHOD_MATCH = YES;
				CODE_SIGN_IDENTITY = "iPhone Developer";
				COPY_PHASE_STRIP = NO;
				DEBUG_INFORMATION_FORMAT = dwarf;
				ENABLE_STRICT_OBJC_MSGSEND = YES;
				ENABLE_TESTABILITY = YES;
				GCC_C_LANGUAGE_STANDARD = gnu11;
				GCC_DYNAMIC_NO_PIC = NO;
				GCC_NO_COMMON_BLOCKS = YES;
				GCC_OPTIMIZATION_LEVEL = 0;
				GCC_PREPROCESSOR_DEFINITIONS = (
					"DEBUG=1",
					"$(inherited)",
				);
				GCC_WARN_64_TO_32_BIT_CONVERSION = YES;
				GCC_WARN_ABOUT_RETURN_TYPE = YES_ERROR;
				GCC_WARN_UNDECLARED_SELECTOR = YES;
				GCC_WARN_UNINITIALIZED_AUTOS = YES_AGGRESSIVE;
				GCC_WARN_UNUSED_FUNCTION = YES;
				GCC_WARN_UNUSED_VARIABLE = YES;
				IPHONEOS_DEPLOYMENT_TARGET = 12.1;
				MTL_ENABLE_DEBUG_INFO = INCLUDE_SOURCE;
				MTL_FAST_MATH = YES;
				ONLY_ACTIVE_ARCH = YES;
				SDKROOT = iphoneos;
				SWIFT_ACTIVE_COMPILATION_CONDITIONS = DEBUG;
				SWIFT_OPTIMIZATION_LEVEL = "-Onone";
			};
			name = Debug;
		};
		02E34C1721D7F17B00C961D4 /* Release */ = {
			isa = XCBuildConfiguration;
			buildSettings = {
				ALWAYS_SEARCH_USER_PATHS = NO;
				CLANG_ANALYZER_NONNULL = YES;
				CLANG_ANALYZER_NUMBER_OBJECT_CONVERSION = YES_AGGRESSIVE;
				CLANG_CXX_LANGUAGE_STANDARD = "gnu++14";
				CLANG_CXX_LIBRARY = "libc++";
				CLANG_ENABLE_MODULES = YES;
				CLANG_ENABLE_OBJC_ARC = YES;
				CLANG_ENABLE_OBJC_WEAK = YES;
				CLANG_WARN_BLOCK_CAPTURE_AUTORELEASING = YES;
				CLANG_WARN_BOOL_CONVERSION = YES;
				CLANG_WARN_COMMA = YES;
				CLANG_WARN_CONSTANT_CONVERSION = YES;
				CLANG_WARN_DEPRECATED_OBJC_IMPLEMENTATIONS = YES;
				CLANG_WARN_DIRECT_OBJC_ISA_USAGE = YES_ERROR;
				CLANG_WARN_DOCUMENTATION_COMMENTS = YES;
				CLANG_WARN_EMPTY_BODY = YES;
				CLANG_WARN_ENUM_CONVERSION = YES;
				CLANG_WARN_INFINITE_RECURSION = YES;
				CLANG_WARN_INT_CONVERSION = YES;
				CLANG_WARN_NON_LITERAL_NULL_CONVERSION = YES;
				CLANG_WARN_OBJC_IMPLICIT_RETAIN_SELF = YES;
				CLANG_WARN_OBJC_LITERAL_CONVERSION = YES;
				CLANG_WARN_OBJC_ROOT_CLASS = YES_ERROR;
				CLANG_WARN_RANGE_LOOP_ANALYSIS = YES;
				CLANG_WARN_STRICT_PROTOTYPES = YES;
				CLANG_WARN_SUSPICIOUS_MOVE = YES;
				CLANG_WARN_UNGUARDED_AVAILABILITY = YES_AGGRESSIVE;
				CLANG_WARN_UNREACHABLE_CODE = YES;
				CLANG_WARN__DUPLICATE_METHOD_MATCH = YES;
				CODE_SIGN_IDENTITY = "iPhone Developer";
				COPY_PHASE_STRIP = NO;
				DEBUG_INFORMATION_FORMAT = "dwarf-with-dsym";
				ENABLE_NS_ASSERTIONS = NO;
				ENABLE_STRICT_OBJC_MSGSEND = YES;
				GCC_C_LANGUAGE_STANDARD = gnu11;
				GCC_NO_COMMON_BLOCKS = YES;
				GCC_WARN_64_TO_32_BIT_CONVERSION = YES;
				GCC_WARN_ABOUT_RETURN_TYPE = YES_ERROR;
				GCC_WARN_UNDECLARED_SELECTOR = YES;
				GCC_WARN_UNINITIALIZED_AUTOS = YES_AGGRESSIVE;
				GCC_WARN_UNUSED_FUNCTION = YES;
				GCC_WARN_UNUSED_VARIABLE = YES;
				IPHONEOS_DEPLOYMENT_TARGET = 12.1;
				MTL_ENABLE_DEBUG_INFO = NO;
				MTL_FAST_MATH = YES;
				SDKROOT = iphoneos;
				SWIFT_COMPILATION_MODE = wholemodule;
				SWIFT_OPTIMIZATION_LEVEL = "-O";
				VALIDATE_PRODUCT = YES;
			};
			name = Release;
		};
		02E34C1921D7F17B00C961D4 /* Debug */ = {
			isa = XCBuildConfiguration;
			buildSettings = {
				ASSETCATALOG_COMPILER_APPICON_NAME = AppIcon;
				CODE_SIGN_STYLE = Automatic;
				INFOPLIST_FILE = tippy/Info.plist;
				LD_RUNPATH_SEARCH_PATHS = (
					"$(inherited)",
					"@executable_path/Frameworks",
				);
				PRODUCT_BUNDLE_IDENTIFIER = Codepath.tippy;
				PRODUCT_NAME = "$(TARGET_NAME)";
				SWIFT_VERSION = 4.2;
				TARGETED_DEVICE_FAMILY = "1,2";
			};
			name = Debug;
		};
		02E34C1A21D7F17B00C961D4 /* Release */ = {
			isa = XCBuildConfiguration;
			buildSettings = {
				ASSETCATALOG_COMPILER_APPICON_NAME = AppIcon;
				CODE_SIGN_STYLE = Automatic;
				INFOPLIST_FILE = tippy/Info.plist;
				LD_RUNPATH_SEARCH_PATHS = (
					"$(inherited)",
					"@executable_path/Frameworks",
				);
				PRODUCT_BUNDLE_IDENTIFIER = Codepath.tippy;
				PRODUCT_NAME = "$(TARGET_NAME)";
				SWIFT_VERSION = 4.2;
				TARGETED_DEVICE_FAMILY = "1,2";
			};
			name = Release;
		};
		02E34C1C21D7F17B00C961D4 /* Debug */ = {
			isa = XCBuildConfiguration;
			buildSettings = {
				ALWAYS_EMBED_SWIFT_STANDARD_LIBRARIES = YES;
				BUNDLE_LOADER = "$(TEST_HOST)";
				CODE_SIGN_STYLE = Automatic;
				INFOPLIST_FILE = tippyTests/Info.plist;
				LD_RUNPATH_SEARCH_PATHS = (
					"$(inherited)",
					"@executable_path/Frameworks",
					"@loader_path/Frameworks",
				);
				PRODUCT_BUNDLE_IDENTIFIER = Codepath.tippyTests;
				PRODUCT_NAME = "$(TARGET_NAME)";
				SWIFT_VERSION = 4.2;
				TARGETED_DEVICE_FAMILY = "1,2";
				TEST_HOST = "$(BUILT_PRODUCTS_DIR)/tippy.app/tippy";
			};
			name = Debug;
		};
		02E34C1D21D7F17B00C961D4 /* Release */ = {
			isa = XCBuildConfiguration;
			buildSettings = {
				ALWAYS_EMBED_SWIFT_STANDARD_LIBRARIES = YES;
				BUNDLE_LOADER = "$(TEST_HOST)";
				CODE_SIGN_STYLE = Automatic;
				INFOPLIST_FILE = tippyTests/Info.plist;
				LD_RUNPATH_SEARCH_PATHS = (
					"$(inherited)",
					"@executable_path/Frameworks",
					"@loader_path/Frameworks",
				);
				PRODUCT_BUNDLE_IDENTIFIER = Codepath.tippyTests;
				PRODUCT_NAME = "$(TARGET_NAME)";
				SWIFT_VERSION = 4.2;
				TARGETED_DEVICE_FAMILY = "1,2";
				TEST_HOST = "$(BUILT_PRODUCTS_DIR)/tippy.app/tippy";
			};
			name = Release;
		};
		02E34C1F21D7F17B00C961D4 /* Debug */ = {
			isa = XCBuildConfiguration;
			buildSettings = {
				ALWAYS_EMBED_SWIFT_STANDARD_LIBRARIES = YES;
				CODE_SIGN_STYLE = Automatic;
				INFOPLIST_FILE = tippyUITests/Info.plist;
				LD_RUNPATH_SEARCH_PATHS = (
					"$(inherited)",
					"@executable_path/Frameworks",
					"@loader_path/Frameworks",
				);
				PRODUCT_BUNDLE_IDENTIFIER = Codepath.tippyUITests;
				PRODUCT_NAME = "$(TARGET_NAME)";
				SWIFT_VERSION = 4.2;
				TARGETED_DEVICE_FAMILY = "1,2";
				TEST_TARGET_NAME = tippy;
			};
			name = Debug;
		};
		02E34C2021D7F17B00C961D4 /* Release */ = {
			isa = XCBuildConfiguration;
			buildSettings = {
				ALWAYS_EMBED_SWIFT_STANDARD_LIBRARIES = YES;
				CODE_SIGN_STYLE = Automatic;
				INFOPLIST_FILE = tippyUITests/Info.plist;
				LD_RUNPATH_SEARCH_PATHS = (
					"$(inherited)",
					"@executable_path/Frameworks",
					"@loader_path/Frameworks",
				);
				PRODUCT_BUNDLE_IDENTIFIER = Codepath.tippyUITests;
				PRODUCT_NAME = "$(TARGET_NAME)";
				SWIFT_VERSION = 4.2;
				TARGETED_DEVICE_FAMILY = "1,2";
				TEST_TARGET_NAME = tippy;
			};
			name = Release;
		};
/* End XCBuildConfiguration section */

/* Begin XCConfigurationList section */
		02E34BEB21D7F17700C961D4 /* Build configuration list for PBXProject "tippy" */ = {
			isa = XCConfigurationList;
			buildConfigurations = (
				02E34C1621D7F17B00C961D4 /* Debug */,
				02E34C1721D7F17B00C961D4 /* Release */,
			);
			defaultConfigurationIsVisible = 0;
			defaultConfigurationName = Release;
		};
		02E34C1821D7F17B00C961D4 /* Build configuration list for PBXNativeTarget "tippy" */ = {
			isa = XCConfigurationList;
			buildConfigurations = (
				02E34C1921D7F17B00C961D4 /* Debug */,
				02E34C1A21D7F17B00C961D4 /* Release */,
			);
			defaultConfigurationIsVisible = 0;
			defaultConfigurationName = Release;
		};
		02E34C1B21D7F17B00C961D4 /* Build configuration list for PBXNativeTarget "tippyTests" */ = {
			isa = XCConfigurationList;
			buildConfigurations = (
				02E34C1C21D7F17B00C961D4 /* Debug */,
				02E34C1D21D7F17B00C961D4 /* Release */,
			);
			defaultConfigurationIsVisible = 0;
			defaultConfigurationName = Release;
		};
		02E34C1E21D7F17B00C961D4 /* Build configuration list for PBXNativeTarget "tippyUITests" */ = {
			isa = XCConfigurationList;
			buildConfigurations = (
				02E34C1F21D7F17B00C961D4 /* Debug */,
				02E34C2021D7F17B00C961D4 /* Release */,
			);
			defaultConfigurationIsVisible = 0;
			defaultConfigurationName = Release;
		};
/* End XCConfigurationList section */
	};
	rootObject = 02E34BE821D7F17700C961D4 /* Project object */;
}
